{
  "name": "@exercism/abap-test-runner",
  "version": "0.1.0",
  "lockfileVersion": 1,
  "requires": true,
  "dependencies": {
    "@abaplint/runtime": {
      "version": "1.6.53",
      "resolved": "https://registry.npmjs.org/@abaplint/runtime/-/runtime-1.6.53.tgz",
      "integrity": "sha512-zow1YsS/x6565pdzX3fk3wD83j0LuV1tfoXekxOnyOGomPZM2Xc8dUFBs8q1cuXWRftZjy+ayM9HD2JmbLoJmA==",
      "requires": {
        "hdb": "^0.19.0",
        "sql.js": "^1.6.2"
      }
    },
    "@abaplint/transpiler-cli": {
      "version": "1.6.53",
      "resolved": "https://registry.npmjs.org/@abaplint/transpiler-cli/-/transpiler-cli-1.6.53.tgz",
      "integrity": "sha512-5ZvrbZ8Vn0udBBckg20KUtFn8nTjgJdh3bD4lUgwO7EY3ac1d+SspGcuIZgCFKOag9NkDOl3o01UeP0n29fiPg=="
    },
    "hdb": {
      "version": "0.19.0",
      "resolved": "https://registry.npmjs.org/hdb/-/hdb-0.19.0.tgz",
      "integrity": "sha512-HjC54RskoRho75P3h0oD9iuVGFDYBqgq/UghOUUaJehcMTaB8EIwy5+q+hF30NCk9/K/DwfymJkn1sijjUjxLw==",
      "requires": {
        "iconv-lite": "^0.4.18"
      }
    },
    "iconv-lite": {
      "version": "0.4.24",
      "resolved": "https://registry.npmjs.org/iconv-lite/-/iconv-lite-0.4.24.tgz",
      "integrity": "sha512-v3MXnZAcvnywkTUEZomIActle7RXXeedOR31wwl7VlyoXO4Qi9arvSenNQWne1TcRwhCL1HwLI21bEqdpj8/rA==",
      "requires": {
        "safer-buffer": ">= 2.1.2 < 3"
      }
    },
    "safer-buffer": {
      "version": "2.1.2",
      "resolved": "https://registry.npmjs.org/safer-buffer/-/safer-buffer-2.1.2.tgz",
      "integrity": "sha512-YZo3K82SD7Riyi0E1EQPojLz7kpepnSQI9IyPbHHg1XXXevb5dJI7tpyN2ADxGcQbHG7vcyRHk0cbwqcQriUtg=="
    },
    "sql.js": {
      "version": "1.6.2",
      "resolved": "https://registry.npmjs.org/sql.js/-/sql.js-1.6.2.tgz",
      "integrity": "sha512-9iucI5fXQa+Gspeqf/BNB20PxJIn5LhXDt4mjXoFPqXdR+NqtFs15SdKpSIJ6s529aGL9zFR9p2eSCIEiMsNGA=="
    }
  }
}
